
Microsoft Visual Studio Solution File, Format Version 12.00
# Visual Studio Version 16
VisualStudioVersion = 16.0.31424.327
MinimumVisualStudioVersion = 10.0.40219.1
Project("{8BC9CEB8-8B4A-11D0-8D11-00A0C91BC942}") = "CBUANG", "CBUANG.vcxproj", "{FA541E48-4D00-42B8-90A3-E617DD71B42A}"
EndProject
Global
	GlobalSection(SolutionConfigurationPlatforms) = preSolution
		Debug|x64 = Debug|x64
		Debug|x86 = Debug|x86
		Release|x64 = Release|x64
		Release|x86 = Release|x86
	EndGlobalSection
	GlobalSection(ProjectConfigurationPlatforms) = postSolution
		{FA541E48-4D00-42B8-90A3-E617DD71B42A}.Debug|x64.ActiveCfg = Debug|x64
		{FA541E48-4D00-42B8-90A3-E617DD71B42A}.Debug|x64.Build.0 = Debug|x64
		{FA541E48-4D00-42B8-90A3-E617DD71B42A}.Debug|x86.ActiveCfg = Debug|Win32
		{FA541E48-4D00-42B8-90A3-E617DD71B42A}.Debug|x86.Build.0 = Debug|Win32
		{FA541E48-4D00-42B8-90A3-E617DD71B42A}.Release|x64.ActiveCfg = Release|x64
		{FA541E48-4D00-42B8-90A3-E617DD71B42A}.Release|x64.Build.0 = Release|x64
		{FA541E48-4D00-42B8-90A3-E617DD71B42A}.Release|x86.ActiveCfg = Release|Win32
		{FA541E48-4D00-42B8-90A3-E617DD71B42A}.Release|x86.Build.0 = Release|Win32
	EndGlobalSection
	GlobalSection(SolutionProperties) = preSolution
		HideSolutionNode = FALSE
	EndGlobalSection
	GlobalSection(ExtensibilityGlobals) = postSolution
		SolutionGuid = {598C1495-C67A-4214-ABAF-CF4F06A8BCA5}
	EndGlobalSection
EndGlobal
